
Microsoft Visual Studio Solution File, Format Version 12.00
# Visual Studio Version 16
VisualStudioVersion = 16.0.31729.503
MinimumVisualStudioVersion = 10.0.40219.1
Project("{FAE04EC0-301F-11D3-BF4B-00C04F79EFBC}") = "Stack1", "Stack1\Stack1.csproj", "{046C494D-EFFF-4952-B9D8-5E441E5FC549}"
EndProject
Global
	GlobalSection(SolutionConfigurationPlatforms) = preSolution
		Debug|Any CPU = Debug|Any CPU
		Release|Any CPU = Release|Any CPU
	EndGlobalSection
	GlobalSection(ProjectConfigurationPlatforms) = postSolution
		{046C494D-EFFF-4952-B9D8-5E441E5FC549}.Debug|Any CPU.ActiveCfg = Debug|Any CPU
		{046C494D-EFFF-4952-B9D8-5E441E5FC549}.Debug|Any CPU.Build.0 = Debug|Any CPU
		{046C494D-EFFF-4952-B9D8-5E441E5FC549}.Release|Any CPU.ActiveCfg = Release|Any CPU
		{046C494D-EFFF-4952-B9D8-5E441E5FC549}.Release|Any CPU.Build.0 = Release|Any CPU
	EndGlobalSection
	GlobalSection(SolutionProperties) = preSolution
		HideSolutionNode = FALSE
	EndGlobalSection
	GlobalSection(ExtensibilityGlobals) = postSolution
		SolutionGuid = {D436E308-DCD8-4B62-8E41-A58961A86BA4}
	EndGlobalSection
EndGlobal
